
Microsoft Visual Studio Solution File, Format Version 12.00
# Visual Studio Version 16
VisualStudioVersion = 16.0.29424.173
MinimumVisualStudioVersion = 10.0.40219.1
Project("{FAE04EC0-301F-11D3-BF4B-00C04F79EFBC}") = "hello_world", "hello_world\hello_world.csproj", "{3042337A-5FE2-456A-8EDF-2F483005C081}"
EndProject
Project("{FAE04EC0-301F-11D3-BF4B-00C04F79EFBC}") = "print_args", "print_args\print_args.csproj", "{884378CA-792E-4C55-A1DA-31469CA5CF32}"
EndProject
Project("{FAE04EC0-301F-11D3-BF4B-00C04F79EFBC}") = "remove_duplicates", "remove_duplicates\remove_duplicates.csproj", "{7256CAFE-EF71-45EE-BDE2-D3B0A5A58FDD}"
EndProject
Global
	GlobalSection(SolutionConfigurationPlatforms) = preSolution
		Debug|Any CPU = Debug|Any CPU
		Release|Any CPU = Release|Any CPU
	EndGlobalSection
	GlobalSection(ProjectConfigurationPlatforms) = postSolution
		{3042337A-5FE2-456A-8EDF-2F483005C081}.Debug|Any CPU.ActiveCfg = Debug|Any CPU
		{3042337A-5FE2-456A-8EDF-2F483005C081}.Debug|Any CPU.Build.0 = Debug|Any CPU
		{3042337A-5FE2-456A-8EDF-2F483005C081}.Release|Any CPU.ActiveCfg = Release|Any CPU
		{3042337A-5FE2-456A-8EDF-2F483005C081}.Release|Any CPU.Build.0 = Release|Any CPU
		{884378CA-792E-4C55-A1DA-31469CA5CF32}.Debug|Any CPU.ActiveCfg = Debug|Any CPU
		{884378CA-792E-4C55-A1DA-31469CA5CF32}.Debug|Any CPU.Build.0 = Debug|Any CPU
		{884378CA-792E-4C55-A1DA-31469CA5CF32}.Release|Any CPU.ActiveCfg = Release|Any CPU
		{884378CA-792E-4C55-A1DA-31469CA5CF32}.Release|Any CPU.Build.0 = Release|Any CPU
		{7256CAFE-EF71-45EE-BDE2-D3B0A5A58FDD}.Debug|Any CPU.ActiveCfg = Debug|Any CPU
		{7256CAFE-EF71-45EE-BDE2-D3B0A5A58FDD}.Debug|Any CPU.Build.0 = Debug|Any CPU
		{7256CAFE-EF71-45EE-BDE2-D3B0A5A58FDD}.Release|Any CPU.ActiveCfg = Release|Any CPU
		{7256CAFE-EF71-45EE-BDE2-D3B0A5A58FDD}.Release|Any CPU.Build.0 = Release|Any CPU
	EndGlobalSection
	GlobalSection(SolutionProperties) = preSolution
		HideSolutionNode = FALSE
	EndGlobalSection
	GlobalSection(ExtensibilityGlobals) = postSolution
		SolutionGuid = {5A2F6C1E-9EA4-4E4E-A51F-6293C2246D56}
	EndGlobalSection
EndGlobal
